<Solution>
  <Project Path="src/DeltaXAML.Contract/DeltaXAML.Contract.csproj" />
  <Project Path="src/DeltaXAML/DeltaXAML.csproj" />
  <Project Path="src/DeltaXAML.Compiler/DeltaXAML.Compiler.csproj" />
  <Project Path="src/DeltaXAML.Generator/DeltaXAML.Generator.csproj" />
  <Project Path="samples/TipCalc/DeltaXAML.Samples.TipCalc.csproj" />
  <Project Path="samples/TipCalc.Render/DeltaXAML.Samples.TipCalc.Render.csproj" />
  <Project Path="tests/DeltaXAML.Tests/DeltaXAML.Tests.csproj" />
</Solution>
